
Microsoft Visual Studio Solution File, Format Version 12.00
# Visual Studio Version 17
VisualStudioVersion = 17.14.36511.14 d17.14
MinimumVisualStudioVersion = 10.0.40219.1
Project("{2150E333-8FDC-42A3-9474-1A3956D46DE8}") = "sorc", "sorc", "{02EA681E-C7D8-13C7-8484-4AC65E1B71E8}"
EndProject
Project("{2150E333-8FDC-42A3-9474-1A3956D46DE8}") = "test", "test", "{A8426FBB-6F38-4D2B-836E-11F4485C5C15}"
EndProject
Project("{FAE04EC0-301F-11D3-BF4B-00C04F79EFBC}") = "E-Learning.Domin", "E-Learning.Domin\E-Learning.Domin.csproj", "{DA5F1955-A700-4381-9DE4-9996DEBE4D5F}"
EndProject
Project("{FAE04EC0-301F-11D3-BF4B-00C04F79EFBC}") = "E-Learning.Application", "E-Learning.Application\E-Learning.Application.csproj", "{235A4C97-188F-4479-B303-C609E2A627C0}"
EndProject
Project("{FAE04EC0-301F-11D3-BF4B-00C04F79EFBC}") = "E-Learning.Infrastructure", "E-Learning.Infrastructure\E-Learning.Infrastructure.csproj", "{04B5B52D-BF65-4BEA-9DBE-0D1A5ECB1327}"
EndProject
Project("{FAE04EC0-301F-11D3-BF4B-00C04F79EFBC}") = "E-Learning.Api", "E-Learning.Api\E-Learning.Api.csproj", "{37EF2B32-378E-4060-B5B6-14E39A1B7AD1}"
EndProject
Global
	GlobalSection(SolutionConfigurationPlatforms) = preSolution
		Debug|Any CPU = Debug|Any CPU
		Release|Any CPU = Release|Any CPU
	EndGlobalSection
	GlobalSection(ProjectConfigurationPlatforms) = postSolution
		{DA5F1955-A700-4381-9DE4-9996DEBE4D5F}.Debug|Any CPU.ActiveCfg = Debug|Any CPU
		{DA5F1955-A700-4381-9DE4-9996DEBE4D5F}.Debug|Any CPU.Build.0 = Debug|Any CPU
		{DA5F1955-A700-4381-9DE4-9996DEBE4D5F}.Release|Any CPU.ActiveCfg = Release|Any CPU
		{DA5F1955-A700-4381-9DE4-9996DEBE4D5F}.Release|Any CPU.Build.0 = Release|Any CPU
		{235A4C97-188F-4479-B303-C609E2A627C0}.Debug|Any CPU.ActiveCfg = Debug|Any CPU
		{235A4C97-188F-4479-B303-C609E2A627C0}.Debug|Any CPU.Build.0 = Debug|Any CPU
		{235A4C97-188F-4479-B303-C609E2A627C0}.Release|Any CPU.ActiveCfg = Release|Any CPU
		{235A4C97-188F-4479-B303-C609E2A627C0}.Release|Any CPU.Build.0 = Release|Any CPU
		{04B5B52D-BF65-4BEA-9DBE-0D1A5ECB1327}.Debug|Any CPU.ActiveCfg = Debug|Any CPU
		{04B5B52D-BF65-4BEA-9DBE-0D1A5ECB1327}.Debug|Any CPU.Build.0 = Debug|Any CPU
		{04B5B52D-BF65-4BEA-9DBE-0D1A5ECB1327}.Release|Any CPU.ActiveCfg = Release|Any CPU
		{04B5B52D-BF65-4BEA-9DBE-0D1A5ECB1327}.Release|Any CPU.Build.0 = Release|Any CPU
		{37EF2B32-378E-4060-B5B6-14E39A1B7AD1}.Debug|Any CPU.ActiveCfg = Debug|Any CPU
		{37EF2B32-378E-4060-B5B6-14E39A1B7AD1}.Debug|Any CPU.Build.0 = Debug|Any CPU
		{37EF2B32-378E-4060-B5B6-14E39A1B7AD1}.Release|Any CPU.ActiveCfg = Release|Any CPU
		{37EF2B32-378E-4060-B5B6-14E39A1B7AD1}.Release|Any CPU.Build.0 = Release|Any CPU
	EndGlobalSection
	GlobalSection(SolutionProperties) = preSolution
		HideSolutionNode = FALSE
	EndGlobalSection
	GlobalSection(NestedProjects) = preSolution
		{DA5F1955-A700-4381-9DE4-9996DEBE4D5F} = {02EA681E-C7D8-13C7-8484-4AC65E1B71E8}
		{235A4C97-188F-4479-B303-C609E2A627C0} = {02EA681E-C7D8-13C7-8484-4AC65E1B71E8}
		{04B5B52D-BF65-4BEA-9DBE-0D1A5ECB1327} = {02EA681E-C7D8-13C7-8484-4AC65E1B71E8}
		{37EF2B32-378E-4060-B5B6-14E39A1B7AD1} = {02EA681E-C7D8-13C7-8484-4AC65E1B71E8}
	EndGlobalSection
	GlobalSection(ExtensibilityGlobals) = postSolution
		SolutionGuid = {CB95ADA4-DECF-4A50-B80D-67C337396670}
	EndGlobalSection
EndGlobal
